{
  "name": "Mweha Motors",
  "lockfileVersion": 3,
  "requires": true,
  "packages": {
    "": {
      "dependencies": {
        "password-strength": "^0.0.1"
      }
    },
    "node_modules/password-strength": {
      "version": "0.0.1",
      "resolved": "https://registry.npmjs.org/password-strength/-/password-strength-0.0.1.tgz",
      "integrity": "sha512-0xikJLbQjWOrjnqqyiUeJSZuPrC9ooWT0icjX58EWhcpSxlbEagSVgsnz3Az/iBhpPsAish1xr+ycUSjC5l+NQ=="
    }
  }
}
